
Microsoft Visual Studio Solution File, Format Version 12.00
# Visual Studio Version 17
VisualStudioVersion = 17.2.32630.192
MinimumVisualStudioVersion = 10.0.40219.1
Project("{FAE04EC0-301F-11D3-BF4B-00C04F79EFBC}") = "FindingJobWeb", "FindingJobWeb.csproj", "{3E9052C0-F4DF-483C-B836-0116574CA291}"
EndProject
Global
	GlobalSection(SolutionConfigurationPlatforms) = preSolution
		Debug|Any CPU = Debug|Any CPU
		Release|Any CPU = Release|Any CPU
	EndGlobalSection
	GlobalSection(ProjectConfigurationPlatforms) = postSolution
		{3E9052C0-F4DF-483C-B836-0116574CA291}.Debug|Any CPU.ActiveCfg = Debug|Any CPU
		{3E9052C0-F4DF-483C-B836-0116574CA291}.Debug|Any CPU.Build.0 = Debug|Any CPU
		{3E9052C0-F4DF-483C-B836-0116574CA291}.Release|Any CPU.ActiveCfg = Release|Any CPU
		{3E9052C0-F4DF-483C-B836-0116574CA291}.Release|Any CPU.Build.0 = Release|Any CPU
	EndGlobalSection
	GlobalSection(SolutionProperties) = preSolution
		HideSolutionNode = FALSE
	EndGlobalSection
	GlobalSection(ExtensibilityGlobals) = postSolution
		SolutionGuid = {D901DE1F-6976-446E-8DFF-65B4CD4AAA2C}
	EndGlobalSection
EndGlobal
